
Microsoft Visual Studio Solution File, Format Version 12.00
# Visual Studio Version 16
VisualStudioVersion = 16.0.30309.148
MinimumVisualStudioVersion = 10.0.40219.1
Project("{FAE04EC0-301F-11D3-BF4B-00C04F79EFBC}") = "testing", "testing.csproj", "{D29234B0-0CD0-4D6A-B60B-3E35FB2BF606}"
EndProject
Global
	GlobalSection(SolutionConfigurationPlatforms) = preSolution
		Debug|Any CPU = Debug|Any CPU
		Release|Any CPU = Release|Any CPU
	EndGlobalSection
	GlobalSection(ProjectConfigurationPlatforms) = postSolution
		{D29234B0-0CD0-4D6A-B60B-3E35FB2BF606}.Debug|Any CPU.ActiveCfg = Debug|Any CPU
		{D29234B0-0CD0-4D6A-B60B-3E35FB2BF606}.Debug|Any CPU.Build.0 = Debug|Any CPU
		{D29234B0-0CD0-4D6A-B60B-3E35FB2BF606}.Release|Any CPU.ActiveCfg = Release|Any CPU
		{D29234B0-0CD0-4D6A-B60B-3E35FB2BF606}.Release|Any CPU.Build.0 = Release|Any CPU
	EndGlobalSection
	GlobalSection(SolutionProperties) = preSolution
		HideSolutionNode = FALSE
	EndGlobalSection
	GlobalSection(ExtensibilityGlobals) = postSolution
		SolutionGuid = {4816C1A5-D177-4434-88C1-D6D8C026340E}
	EndGlobalSection
EndGlobal
